
Microsoft Visual Studio Solution File, Format Version 11.00
# Visual Studio 2010
Project("{FAE04EC0-301F-11D3-BF4B-00C04F79EFBC}") = "GpsDemo", "GpsDemo\GpsDemo.csproj", "{655843D1-714D-46AA-8DB1-25008F107845}"
EndProject
Project("{FAE04EC0-301F-11D3-BF4B-00C04F79EFBC}") = "Nmea", "Nmea\Nmea.csproj", "{24EF5C98-ADE0-4F17-A5BC-E43DDC721F2B}"
EndProject
Global
	GlobalSection(SolutionConfigurationPlatforms) = preSolution
		Debug|Any CPU = Debug|Any CPU
		Debug|Mixed Platforms = Debug|Mixed Platforms
		Debug|x86 = Debug|x86
		Release|Any CPU = Release|Any CPU
		Release|Mixed Platforms = Release|Mixed Platforms
		Release|x86 = Release|x86
	EndGlobalSection
	GlobalSection(ProjectConfigurationPlatforms) = postSolution
		{655843D1-714D-46AA-8DB1-25008F107845}.Debug|Any CPU.ActiveCfg = Debug|Any CPU
		{655843D1-714D-46AA-8DB1-25008F107845}.Debug|Any CPU.Build.0 = Debug|Any CPU
		{655843D1-714D-46AA-8DB1-25008F107845}.Debug|Mixed Platforms.ActiveCfg = Debug|Any CPU
		{655843D1-714D-46AA-8DB1-25008F107845}.Debug|Mixed Platforms.Build.0 = Debug|Any CPU
		{655843D1-714D-46AA-8DB1-25008F107845}.Debug|x86.ActiveCfg = Debug|Any CPU
		{655843D1-714D-46AA-8DB1-25008F107845}.Release|Any CPU.ActiveCfg = Release|Any CPU
		{655843D1-714D-46AA-8DB1-25008F107845}.Release|Any CPU.Build.0 = Release|Any CPU
		{655843D1-714D-46AA-8DB1-25008F107845}.Release|Mixed Platforms.ActiveCfg = Release|Any CPU
		{655843D1-714D-46AA-8DB1-25008F107845}.Release|Mixed Platforms.Build.0 = Release|Any CPU
		{655843D1-714D-46AA-8DB1-25008F107845}.Release|x86.ActiveCfg = Release|Any CPU
		{24EF5C98-ADE0-4F17-A5BC-E43DDC721F2B}.Debug|Any CPU.ActiveCfg = Debug|Any CPU
		{24EF5C98-ADE0-4F17-A5BC-E43DDC721F2B}.Debug|Any CPU.Build.0 = Debug|Any CPU
		{24EF5C98-ADE0-4F17-A5BC-E43DDC721F2B}.Debug|Mixed Platforms.ActiveCfg = Debug|Any CPU
		{24EF5C98-ADE0-4F17-A5BC-E43DDC721F2B}.Debug|Mixed Platforms.Build.0 = Debug|Any CPU
		{24EF5C98-ADE0-4F17-A5BC-E43DDC721F2B}.Debug|x86.ActiveCfg = Debug|Any CPU
		{24EF5C98-ADE0-4F17-A5BC-E43DDC721F2B}.Debug|x86.Build.0 = Debug|Any CPU
		{24EF5C98-ADE0-4F17-A5BC-E43DDC721F2B}.Release|Any CPU.ActiveCfg = Release|Any CPU
		{24EF5C98-ADE0-4F17-A5BC-E43DDC721F2B}.Release|Any CPU.Build.0 = Release|Any CPU
		{24EF5C98-ADE0-4F17-A5BC-E43DDC721F2B}.Release|Mixed Platforms.ActiveCfg = Release|Any CPU
		{24EF5C98-ADE0-4F17-A5BC-E43DDC721F2B}.Release|Mixed Platforms.Build.0 = Release|Any CPU
		{24EF5C98-ADE0-4F17-A5BC-E43DDC721F2B}.Release|x86.ActiveCfg = Release|Any CPU
	EndGlobalSection
	GlobalSection(SolutionProperties) = preSolution
		HideSolutionNode = FALSE
	EndGlobalSection
EndGlobal
